
Microsoft Visual Studio Solution File, Format Version 12.00
# Visual Studio Version 17
VisualStudioVersion = 17.0.31912.275
MinimumVisualStudioVersion = 10.0.40219.1
Project("{9A19103F-16F7-4668-BE54-9A1E7A4F7556}") = "ProEventos.API", "ProEventos.API.csproj", "{F08EFB96-94ED-4EBF-A3FD-6EEDE5B55992}"
EndProject
Global
	GlobalSection(SolutionConfigurationPlatforms) = preSolution
		Debug|Any CPU = Debug|Any CPU
		Release|Any CPU = Release|Any CPU
	EndGlobalSection
	GlobalSection(ProjectConfigurationPlatforms) = postSolution
		{F08EFB96-94ED-4EBF-A3FD-6EEDE5B55992}.Debug|Any CPU.ActiveCfg = Debug|Any CPU
		{F08EFB96-94ED-4EBF-A3FD-6EEDE5B55992}.Debug|Any CPU.Build.0 = Debug|Any CPU
		{F08EFB96-94ED-4EBF-A3FD-6EEDE5B55992}.Release|Any CPU.ActiveCfg = Release|Any CPU
		{F08EFB96-94ED-4EBF-A3FD-6EEDE5B55992}.Release|Any CPU.Build.0 = Release|Any CPU
	EndGlobalSection
	GlobalSection(SolutionProperties) = preSolution
		HideSolutionNode = FALSE
	EndGlobalSection
	GlobalSection(ExtensibilityGlobals) = postSolution
		SolutionGuid = {29694A78-62E1-4B55-A007-F8911256AD95}
	EndGlobalSection
EndGlobal
